
Microsoft Visual Studio Solution File, Format Version 12.00
# Visual Studio Version 17
VisualStudioVersion = 17.13.35931.197 d17.13
MinimumVisualStudioVersion = 10.0.40219.1
Project("{FAE04EC0-301F-11D3-BF4B-00C04F79EFBC}") = "Semana04EFCoreRest.API", "Semana04EFCoreRest.API\Semana04EFCoreRest.API.csproj", "{A3033B70-2991-4BB3-81C5-282F8AF4609E}"
EndProject
Global
	GlobalSection(SolutionConfigurationPlatforms) = preSolution
		Debug|Any CPU = Debug|Any CPU
		Release|Any CPU = Release|Any CPU
	EndGlobalSection
	GlobalSection(ProjectConfigurationPlatforms) = postSolution
		{A3033B70-2991-4BB3-81C5-282F8AF4609E}.Debug|Any CPU.ActiveCfg = Debug|Any CPU
		{A3033B70-2991-4BB3-81C5-282F8AF4609E}.Debug|Any CPU.Build.0 = Debug|Any CPU
		{A3033B70-2991-4BB3-81C5-282F8AF4609E}.Release|Any CPU.ActiveCfg = Release|Any CPU
		{A3033B70-2991-4BB3-81C5-282F8AF4609E}.Release|Any CPU.Build.0 = Release|Any CPU
	EndGlobalSection
	GlobalSection(SolutionProperties) = preSolution
		HideSolutionNode = FALSE
	EndGlobalSection
	GlobalSection(ExtensibilityGlobals) = postSolution
		SolutionGuid = {B0ACF738-850F-415B-BF56-8DB9E5B02902}
	EndGlobalSection
EndGlobal
